# This file is automatically @generated by Cargo.
# It is not intended for manual editing.
version = 4

[[package]]
name = "configparser"
version = "3.1.0"
source = "registry+https://github.com/rust-lang/crates.io-index"
checksum = "e57e3272f0190c3f1584272d613719ba5fc7df7f4942fe542e63d949cf3a649b"

[[package]]
name = "wif-weave"
version = "0.1.0"
dependencies = [
 "configparser",
]
